
Microsoft Visual Studio Solution File, Format Version 12.00
# Visual Studio 15
VisualStudioVersion = 15.0.28307.329
MinimumVisualStudioVersion = 10.0.40219.1
Project("{FAE04EC0-301F-11D3-BF4B-00C04F79EFBC}") = "EmployeeManagement", "EmployeeManagement\EmployeeManagement.csproj", "{AA64E4E6-F458-4D7D-8D0D-8ECEB04B57E5}"
EndProject
Global
	GlobalSection(SolutionConfigurationPlatforms) = preSolution
		Debug|Any CPU = Debug|Any CPU
		Release|Any CPU = Release|Any CPU
	EndGlobalSection
	GlobalSection(ProjectConfigurationPlatforms) = postSolution
		{AA64E4E6-F458-4D7D-8D0D-8ECEB04B57E5}.Debug|Any CPU.ActiveCfg = Debug|Any CPU
		{AA64E4E6-F458-4D7D-8D0D-8ECEB04B57E5}.Debug|Any CPU.Build.0 = Debug|Any CPU
		{AA64E4E6-F458-4D7D-8D0D-8ECEB04B57E5}.Release|Any CPU.ActiveCfg = Release|Any CPU
		{AA64E4E6-F458-4D7D-8D0D-8ECEB04B57E5}.Release|Any CPU.Build.0 = Release|Any CPU
	EndGlobalSection
	GlobalSection(SolutionProperties) = preSolution
		HideSolutionNode = FALSE
	EndGlobalSection
	GlobalSection(ExtensibilityGlobals) = postSolution
		SolutionGuid = {A901EAD0-19F9-412D-B759-31C04ACDD751}
	EndGlobalSection
EndGlobal
